
Microsoft Visual Studio Solution File, Format Version 12.00
# Visual Studio Version 17
VisualStudioVersion = 17.11.35222.181
MinimumVisualStudioVersion = 10.0.40219.1
Project("{FAE04EC0-301F-11D3-BF4B-00C04F79EFBC}") = "23dh111534_MyStore", "23dh111534_MyStore.csproj", "{BCAE5053-C70B-4B26-BF6E-6D5548DF3FF0}"
EndProject
Global
	GlobalSection(SolutionConfigurationPlatforms) = preSolution
		Debug|Any CPU = Debug|Any CPU
		Release|Any CPU = Release|Any CPU
	EndGlobalSection
	GlobalSection(ProjectConfigurationPlatforms) = postSolution
		{BCAE5053-C70B-4B26-BF6E-6D5548DF3FF0}.Debug|Any CPU.ActiveCfg = Debug|Any CPU
		{BCAE5053-C70B-4B26-BF6E-6D5548DF3FF0}.Debug|Any CPU.Build.0 = Debug|Any CPU
		{BCAE5053-C70B-4B26-BF6E-6D5548DF3FF0}.Release|Any CPU.ActiveCfg = Release|Any CPU
		{BCAE5053-C70B-4B26-BF6E-6D5548DF3FF0}.Release|Any CPU.Build.0 = Release|Any CPU
	EndGlobalSection
	GlobalSection(SolutionProperties) = preSolution
		HideSolutionNode = FALSE
	EndGlobalSection
	GlobalSection(ExtensibilityGlobals) = postSolution
		SolutionGuid = {BB4AC812-1980-4CF6-9FF0-F44BA7C0BD36}
	EndGlobalSection
EndGlobal
